// !$*UTF8*$!
{
	archiveVersion = 1;
	classes = {
	};
	objectVersion = 56;
	objects = {

/* Begin PBXBuildFile section */
		805A4CA62BFC5F370047AAB6 /* animatedGradientBGApp.swift in Sources */ = {isa = PBXBuildFile; fileRef = 805A4CA52BFC5F370047AAB6 /* animatedGradientBGApp.swift */; };
		805A4CA82BFC5F370047AAB6 /* ContentView.swift in Sources */ = {isa = PBXBuildFile; fileRef = 805A4CA72BFC5F370047AAB6 /* ContentView.swift */; };
		805A4CAA2BFC5F380047AAB6 /* Assets.xcassets in Resources */ = {isa = PBXBuildFile; fileRef = 805A4CA92BFC5F380047AAB6 /* Assets.xcassets */; };
		805A4CAD2BFC5F380047AAB6 /* Preview Assets.xcassets in Resources */ = {isa = PBXBuildFile; fileRef = 805A4CAC2BFC5F380047AAB6 /* Preview Assets.xcassets */; };
		805A4CB72BFC5F380047AAB6 /* animatedGradientBGTests.swift in Sources */ = {isa = PBXBuildFile; fileRef = 805A4CB62BFC5F380047AAB6 /* animatedGradientBGTests.swift */; };
		805A4CC12BFC5F380047AAB6 /* animatedGradientBGUITests.swift in Sources */ = {isa = PBXBuildFile; fileRef = 805A4CC02BFC5F380047AAB6 /* animatedGradientBGUITests.swift */; };
		805A4CC32BFC5F380047AAB6 /* animatedGradientBGUITestsLaunchTests.swift in Sources */ = {isa = PBXBuildFile; fileRef = 805A4CC22BFC5F380047AAB6 /* animatedGradientBGUITestsLaunchTests.swift */; };
/* End PBXBuildFile section */

/* Begin PBXContainerItemProxy section */
		805A4CB32BFC5F380047AAB6 /* PBXContainerItemProxy */ = {
			isa = PBXContainerItemProxy;
			containerPortal = 805A4C9A2BFC5F370047AAB6 /* Project object */;
			proxyType = 1;
			remoteGlobalIDString = 805A4CA12BFC5F370047AAB6;
			remoteInfo = animatedGradientBG;
		};
		805A4CBD2BFC5F380047AAB6 /* PBXContainerItemProxy */ = {
			isa = PBXContainerItemProxy;
			containerPortal = 805A4C9A2BFC5F370047AAB6 /* Project object */;
			proxyType = 1;
			remoteGlobalIDString = 805A4CA12BFC5F370047AAB6;
			remoteInfo = animatedGradientBG;
		};
/* End PBXContainerItemProxy section */

/* Begin PBXFileReference section */
		805A4CA22BFC5F370047AAB6 /* animatedGradientBG.app */ = {isa = PBXFileReference; explicitFileType = wrapper.application; includeInIndex = 0; path = animatedGradientBG.app; sourceTree = BUILT_PRODUCTS_DIR; };
		805A4CA52BFC5F370047AAB6 /* animatedGradientBGApp.swift */ = {isa = PBXFileReference; lastKnownFileType = sourcecode.swift; path = animatedGradientBGApp.swift; sourceTree = "<group>"; };
		805A4CA72BFC5F370047AAB6 /* ContentView.swift */ = {isa = PBXFileReference; lastKnownFileType = sourcecode.swift; path = ContentView.swift; sourceTree = "<group>"; };
		805A4CA92BFC5F380047AAB6 /* Assets.xcassets */ = {isa = PBXFileReference; lastKnownFileType = folder.assetcatalog; path = Assets.xcassets; sourceTree = "<group>"; };
		805A4CAC2BFC5F380047AAB6 /* Preview Assets.xcassets */ = {isa = PBXFileReference; lastKnownFileType = folder.assetcatalog; path = "Preview Assets.xcassets"; sourceTree = "<group>"; };
		805A4CB22BFC5F380047AAB6 /* animatedGradientBGTests.xctest */ = {isa = PBXFileReference; explicitFileType = wrapper.cfbundle; includeInIndex = 0; path = animatedGradientBGTests.xctest; sourceTree = BUILT_PRODUCTS_DIR; };
		805A4CB62BFC5F380047AAB6 /* animatedGradientBGTests.swift */ = {isa = PBXFileReference; lastKnownFileType = sourcecode.swift; path = animatedGradientBGTests.swift; sourceTree = "<group>"; };
		805A4CBC2BFC5F380047AAB6 /* animatedGradientBGUITests.xctest */ = {isa = PBXFileReference; explicitFileType = wrapper.cfbundle; includeInIndex = 0; path = animatedGradientBGUITests.xctest; sourceTree = BUILT_PRODUCTS_DIR; };
		805A4CC02BFC5F380047AAB6 /* animatedGradientBGUITests.swift */ = {isa = PBXFileReference; lastKnownFileType = sourcecode.swift; path = animatedGradientBGUITests.swift; sourceTree = "<group>"; };
		805A4CC22BFC5F380047AAB6 /* animatedGradientBGUITestsLaunchTests.swift */ = {isa = PBXFileReference; lastKnownFileType = sourcecode.swift; path = animatedGradientBGUITestsLaunchTests.swift; sourceTree = "<group>"; };
/* End PBXFileReference section */

/* Begin PBXFrameworksBuildPhase section */
		805A4C9F2BFC5F370047AAB6 /* Frameworks */ = {
			isa = PBXFrameworksBuildPhase;
			buildActionMask = 2147483647;
			files = (
			);
			runOnlyForDeploymentPostprocessing = 0;
		};
		805A4CAF2BFC5F380047AAB6 /* Frameworks */ = {
			isa = PBXFrameworksBuildPhase;
			buildActionMask = 2147483647;
			files = (
			);
			runOnlyForDeploymentPostprocessing = 0;
		};
		805A4CB92BFC5F380047AAB6 /* Frameworks */ = {
			isa = PBXFrameworksBuildPhase;
			buildActionMask = 2147483647;
			files = (
			);
			runOnlyForDeploymentPostprocessing = 0;
		};
/* End PBXFrameworksBuildPhase section */

/* Begin PBXGroup section */
		805A4C992BFC5F370047AAB6 = {
			isa = PBXGroup;
			children = (
				805A4CA42BFC5F370047AAB6 /* animatedGradientBG */,
				805A4CB52BFC5F380047AAB6 /* animatedGradientBGTests */,
				805A4CBF2BFC5F380047AAB6 /* animatedGradientBGUITests */,
				805A4CA32BFC5F370047AAB6 /* Products */,
			);
			sourceTree = "<group>";
		};
		805A4CA32BFC5F370047AAB6 /* Products */ = {
			isa = PBXGroup;
			children = (
				805A4CA22BFC5F370047AAB6 /* animatedGradientBG.app */,
				805A4CB22BFC5F380047AAB6 /* animatedGradientBGTests.xctest */,
				805A4CBC2BFC5F380047AAB6 /* animatedGradientBGUITests.xctest */,
			);
			name = Products;
			sourceTree = "<group>";
		};
		805A4CA42BFC5F370047AAB6 /* animatedGradientBG */ = {
			isa = PBXGroup;
			children = (
				805A4CA52BFC5F370047AAB6 /* animatedGradientBGApp.swift */,
				805A4CA72BFC5F370047AAB6 /* ContentView.swift */,
				805A4CA92BFC5F380047AAB6 /* Assets.xcassets */,
				805A4CAB2BFC5F380047AAB6 /* Preview Content */,
			);
			path = animatedGradientBG;
			sourceTree = "<group>";
		};
		805A4CAB2BFC5F380047AAB6 /* Preview Content */ = {
			isa = PBXGroup;
			children = (
				805A4CAC2BFC5F380047AAB6 /* Preview Assets.xcassets */,
			);
			path = "Preview Content";
			sourceTree = "<group>";
		};
		805A4CB52BFC5F380047AAB6 /* animatedGradientBGTests */ = {
			isa = PBXGroup;
			children = (
				805A4CB62BFC5F380047AAB6 /* animatedGradientBGTests.swift */,
			);
			path = animatedGradientBGTests;
			sourceTree = "<group>";
		};
		805A4CBF2BFC5F380047AAB6 /* animatedGradientBGUITests */ = {
			isa = PBXGroup;
			children = (
				805A4CC02BFC5F380047AAB6 /* animatedGradientBGUITests.swift */,
				805A4CC22BFC5F380047AAB6 /* animatedGradientBGUITestsLaunchTests.swift */,
			);
			path = animatedGradientBGUITests;
			sourceTree = "<group>";
		};
/* End PBXGroup section */

/* Begin PBXNativeTarget section */
		805A4CA12BFC5F370047AAB6 /* animatedGradientBG */ = {
			isa = PBXNativeTarget;
			buildConfigurationList = 805A4CC62BFC5F380047AAB6 /* Build configuration list for PBXNativeTarget "animatedGradientBG" */;
			buildPhases = (
				805A4C9E2BFC5F370047AAB6 /* Sources */,
				805A4C9F2BFC5F370047AAB6 /* Frameworks */,
				805A4CA02BFC5F370047AAB6 /* Resources */,
			);
			buildRules = (
			);
			dependencies = (
			);
			name = animatedGradientBG;
			productName = animatedGradientBG;
			productReference = 805A4CA22BFC5F370047AAB6 /* animatedGradientBG.app */;
			productType = "com.apple.product-type.application";
		};
		805A4CB12BFC5F380047AAB6 /* animatedGradientBGTests */ = {
			isa = PBXNativeTarget;
			buildConfigurationList = 805A4CC92BFC5F380047AAB6 /* Build configuration list for PBXNativeTarget "animatedGradientBGTests" */;
			buildPhases = (
				805A4CAE2BFC5F380047AAB6 /* Sources */,
				805A4CAF2BFC5F380047AAB6 /* Frameworks */,
				805A4CB02BFC5F380047AAB6 /* Resources */,
			);
			buildRules = (
			);
			dependencies = (
				805A4CB42BFC5F380047AAB6 /* PBXTargetDependency */,
			);
			name = animatedGradientBGTests;
			productName = animatedGradientBGTests;
			productReference = 805A4CB22BFC5F380047AAB6 /* animatedGradientBGTests.xctest */;
			productType = "com.apple.product-type.bundle.unit-test";
		};
		805A4CBB2BFC5F380047AAB6 /* animatedGradientBGUITests */ = {
			isa = PBXNativeTarget;
			buildConfigurationList = 805A4CCC2BFC5F380047AAB6 /* Build configuration list for PBXNativeTarget "animatedGradientBGUITests" */;
			buildPhases = (
				805A4CB82BFC5F380047AAB6 /* Sources */,
				805A4CB92BFC5F380047AAB6 /* Frameworks */,
				805A4CBA2BFC5F380047AAB6 /* Resources */,
			);
			buildRules = (
			);
			dependencies = (
				805A4CBE2BFC5F380047AAB6 /* PBXTargetDependency */,
			);
			name = animatedGradientBGUITests;
			productName = animatedGradientBGUITests;
			productReference = 805A4CBC2BFC5F380047AAB6 /* animatedGradientBGUITests.xctest */;
			productType = "com.apple.product-type.bundle.ui-testing";
		};
/* End PBXNativeTarget section */

/* Begin PBXProject section */
		805A4C9A2BFC5F370047AAB6 /* Project object */ = {
			isa = PBXProject;
			attributes = {
				BuildIndependentTargetsInParallel = 1;
				LastSwiftUpdateCheck = 1540;
				LastUpgradeCheck = 1540;
				TargetAttributes = {
					805A4CA12BFC5F370047AAB6 = {
						CreatedOnToolsVersion = 15.4;
					};
					805A4CB12BFC5F380047AAB6 = {
						CreatedOnToolsVersion = 15.4;
						TestTargetID = 805A4CA12BFC5F370047AAB6;
					};
					805A4CBB2BFC5F380047AAB6 = {
						CreatedOnToolsVersion = 15.4;
						TestTargetID = 805A4CA12BFC5F370047AAB6;
					};
				};
			};
			buildConfigurationList = 805A4C9D2BFC5F370047AAB6 /* Build configuration list for PBXProject "animatedGradientBG" */;
			compatibilityVersion = "Xcode 14.0";
			developmentRegion = en;
			hasScannedForEncodings = 0;
			knownRegions = (
				en,
				Base,
			);
			mainGroup = 805A4C992BFC5F370047AAB6;
			productRefGroup = 805A4CA32BFC5F370047AAB6 /* Products */;
			projectDirPath = "";
			projectRoot = "";
			targets = (
				805A4CA12BFC5F370047AAB6 /* animatedGradientBG */,
				805A4CB12BFC5F380047AAB6 /* animatedGradientBGTests */,
				805A4CBB2BFC5F380047AAB6 /* animatedGradientBGUITests */,
			);
		};
/* End PBXProject section */

/* Begin PBXResourcesBuildPhase section */
		805A4CA02BFC5F370047AAB6 /* Resources */ = {
			isa = PBXResourcesBuildPhase;
			buildActionMask = 2147483647;
			files = (
				805A4CAD2BFC5F380047AAB6 /* Preview Assets.xcassets in Resources */,
				805A4CAA2BFC5F380047AAB6 /* Assets.xcassets in Resources */,
			);
			runOnlyForDeploymentPostprocessing = 0;
		};
		805A4CB02BFC5F380047AAB6 /* Resources */ = {
			isa = PBXResourcesBuildPhase;
			buildActionMask = 2147483647;
			files = (
			);
			runOnlyForDeploymentPostprocessing = 0;
		};
		805A4CBA2BFC5F380047AAB6 /* Resources */ = {
			isa = PBXResourcesBuildPhase;
			buildActionMask = 2147483647;
			files = (
			);
			runOnlyForDeploymentPostprocessing = 0;
		};
/* End PBXResourcesBuildPhase section */

/* Begin PBXSourcesBuildPhase section */
		805A4C9E2BFC5F370047AAB6 /* Sources */ = {
			isa = PBXSourcesBuildPhase;
			buildActionMask = 2147483647;
			files = (
				805A4CA82BFC5F370047AAB6 /* ContentView.swift in Sources */,
				805A4CA62BFC5F370047AAB6 /* animatedGradientBGApp.swift in Sources */,
			);
			runOnlyForDeploymentPostprocessing = 0;
		};
		805A4CAE2BFC5F380047AAB6 /* Sources */ = {
			isa = PBXSourcesBuildPhase;
			buildActionMask = 2147483647;
			files = (
				805A4CB72BFC5F380047AAB6 /* animatedGradientBGTests.swift in Sources */,
			);
			runOnlyForDeploymentPostprocessing = 0;
		};
		805A4CB82BFC5F380047AAB6 /* Sources */ = {
			isa = PBXSourcesBuildPhase;
			buildActionMask = 2147483647;
			files = (
				805A4CC32BFC5F380047AAB6 /* animatedGradientBGUITestsLaunchTests.swift in Sources */,
				805A4CC12BFC5F380047AAB6 /* animatedGradientBGUITests.swift in Sources */,
			);
			runOnlyForDeploymentPostprocessing = 0;
		};
/* End PBXSourcesBuildPhase section */

/* Begin PBXTargetDependency section */
		805A4CB42BFC5F380047AAB6 /* PBXTargetDependency */ = {
			isa = PBXTargetDependency;
			target = 805A4CA12BFC5F370047AAB6 /* animatedGradientBG */;
			targetProxy = 805A4CB32BFC5F380047AAB6 /* PBXContainerItemProxy */;
		};
		805A4CBE2BFC5F380047AAB6 /* PBXTargetDependency */ = {
			isa = PBXTargetDependency;
			target = 805A4CA12BFC5F370047AAB6 /* animatedGradientBG */;
			targetProxy = 805A4CBD2BFC5F380047AAB6 /* PBXContainerItemProxy */;
		};
/* End PBXTargetDependency section */

/* Begin XCBuildConfiguration section */
		805A4CC42BFC5F380047AAB6 /* Debug */ = {
			isa = XCBuildConfiguration;
			buildSettings = {
				ALWAYS_SEARCH_USER_PATHS = NO;
				ASSETCATALOG_COMPILER_GENERATE_SWIFT_ASSET_SYMBOL_EXTENSIONS = YES;
				CLANG_ANALYZER_NONNULL = YES;
				CLANG_ANALYZER_NUMBER_OBJECT_CONVERSION = YES_AGGRESSIVE;
				CLANG_CXX_LANGUAGE_STANDARD = "gnu++20";
				CLANG_ENABLE_MODULES = YES;
				CLANG_ENABLE_OBJC_ARC = YES;
				CLANG_ENABLE_OBJC_WEAK = YES;
				CLANG_WARN_BLOCK_CAPTURE_AUTORELEASING = YES;
				CLANG_WARN_BOOL_CONVERSION = YES;
				CLANG_WARN_COMMA = YES;
				CLANG_WARN_CONSTANT_CONVERSION = YES;
				CLANG_WARN_DEPRECATED_OBJC_IMPLEMENTATIONS = YES;
				CLANG_WARN_DIRECT_OBJC_ISA_USAGE = YES_ERROR;
				CLANG_WARN_DOCUMENTATION_COMMENTS = YES;
				CLANG_WARN_EMPTY_BODY = YES;
				CLANG_WARN_ENUM_CONVERSION = YES;
				CLANG_WARN_INFINITE_RECURSION = YES;
				CLANG_WARN_INT_CONVERSION = YES;
				CLANG_WARN_NON_LITERAL_NULL_CONVERSION = YES;
				CLANG_WARN_OBJC_IMPLICIT_RETAIN_SELF = YES;
				CLANG_WARN_OBJC_LITERAL_CONVERSION = YES;
				CLANG_WARN_OBJC_ROOT_CLASS = YES_ERROR;
				CLANG_WARN_QUOTED_INCLUDE_IN_FRAMEWORK_HEADER = YES;
				CLANG_WARN_RANGE_LOOP_ANALYSIS = YES;
				CLANG_WARN_STRICT_PROTOTYPES = YES;
				CLANG_WARN_SUSPICIOUS_MOVE = YES;
				CLANG_WARN_UNGUARDED_AVAILABILITY = YES_AGGRESSIVE;
				CLANG_WARN_UNREACHABLE_CODE = YES;
				CLANG_WARN__DUPLICATE_METHOD_MATCH = YES;
				COPY_PHASE_STRIP = NO;
				DEBUG_INFORMATION_FORMAT = dwarf;
				ENABLE_STRICT_OBJC_MSGSEND = YES;
				ENABLE_TESTABILITY = YES;
				ENABLE_USER_SCRIPT_SANDBOXING = YES;
				GCC_C_LANGUAGE_STANDARD = gnu17;
				GCC_DYNAMIC_NO_PIC = NO;
				GCC_NO_COMMON_BLOCKS = YES;
				GCC_OPTIMIZATION_LEVEL = 0;
				GCC_PREPROCESSOR_DEFINITIONS = (
					"DEBUG=1",
					"$(inherited)",
				);
				GCC_WARN_64_TO_32_BIT_CONVERSION = YES;
				GCC_WARN_ABOUT_RETURN_TYPE = YES_ERROR;
				GCC_WARN_UNDECLARED_SELECTOR = YES;
				GCC_WARN_UNINITIALIZED_AUTOS = YES_AGGRESSIVE;
				GCC_WARN_UNUSED_FUNCTION = YES;
				GCC_WARN_UNUSED_VARIABLE = YES;
				IPHONEOS_DEPLOYMENT_TARGET = 17.5;
				LOCALIZATION_PREFERS_STRING_CATALOGS = YES;
				MTL_ENABLE_DEBUG_INFO = INCLUDE_SOURCE;
				MTL_FAST_MATH = YES;
				ONLY_ACTIVE_ARCH = YES;
				SDKROOT = iphoneos;
				SWIFT_ACTIVE_COMPILATION_CONDITIONS = "DEBUG $(inherited)";
				SWIFT_OPTIMIZATION_LEVEL = "-Onone";
			};
			name = Debug;
		};
		805A4CC52BFC5F380047AAB6 /* Release */ = {
			isa = XCBuildConfiguration;
			buildSettings = {
				ALWAYS_SEARCH_USER_PATHS = NO;
				ASSETCATALOG_COMPILER_GENERATE_SWIFT_ASSET_SYMBOL_EXTENSIONS = YES;
				CLANG_ANALYZER_NONNULL = YES;
				CLANG_ANALYZER_NUMBER_OBJECT_CONVERSION = YES_AGGRESSIVE;
				CLANG_CXX_LANGUAGE_STANDARD = "gnu++20";
				CLANG_ENABLE_MODULES = YES;
				CLANG_ENABLE_OBJC_ARC = YES;
				CLANG_ENABLE_OBJC_WEAK = YES;
				CLANG_WARN_BLOCK_CAPTURE_AUTORELEASING = YES;
				CLANG_WARN_BOOL_CONVERSION = YES;
				CLANG_WARN_COMMA = YES;
				CLANG_WARN_CONSTANT_CONVERSION = YES;
				CLANG_WARN_DEPRECATED_OBJC_IMPLEMENTATIONS = YES;
				CLANG_WARN_DIRECT_OBJC_ISA_USAGE = YES_ERROR;
				CLANG_WARN_DOCUMENTATION_COMMENTS = YES;
				CLANG_WARN_EMPTY_BODY = YES;
				CLANG_WARN_ENUM_CONVERSION = YES;
				CLANG_WARN_INFINITE_RECURSION = YES;
				CLANG_WARN_INT_CONVERSION = YES;
				CLANG_WARN_NON_LITERAL_NULL_CONVERSION = YES;
				CLANG_WARN_OBJC_IMPLICIT_RETAIN_SELF = YES;
				CLANG_WARN_OBJC_LITERAL_CONVERSION = YES;
				CLANG_WARN_OBJC_ROOT_CLASS = YES_ERROR;
				CLANG_WARN_QUOTED_INCLUDE_IN_FRAMEWORK_HEADER = YES;
				CLANG_WARN_RANGE_LOOP_ANALYSIS = YES;
				CLANG_WARN_STRICT_PROTOTYPES = YES;
				CLANG_WARN_SUSPICIOUS_MOVE = YES;
				CLANG_WARN_UNGUARDED_AVAILABILITY = YES_AGGRESSIVE;
				CLANG_WARN_UNREACHABLE_CODE = YES;
				CLANG_WARN__DUPLICATE_METHOD_MATCH = YES;
				COPY_PHASE_STRIP = NO;
				DEBUG_INFORMATION_FORMAT = "dwarf-with-dsym";
				ENABLE_NS_ASSERTIONS = NO;
				ENABLE_STRICT_OBJC_MSGSEND = YES;
				ENABLE_USER_SCRIPT_SANDBOXING = YES;
				GCC_C_LANGUAGE_STANDARD = gnu17;
				GCC_NO_COMMON_BLOCKS = YES;
				GCC_WARN_64_TO_32_BIT_CONVERSION = YES;
				GCC_WARN_ABOUT_RETURN_TYPE = YES_ERROR;
				GCC_WARN_UNDECLARED_SELECTOR = YES;
				GCC_WARN_UNINITIALIZED_AUTOS = YES_AGGRESSIVE;
				GCC_WARN_UNUSED_FUNCTION = YES;
				GCC_WARN_UNUSED_VARIABLE = YES;
				IPHONEOS_DEPLOYMENT_TARGET = 17.5;
				LOCALIZATION_PREFERS_STRING_CATALOGS = YES;
				MTL_ENABLE_DEBUG_INFO = NO;
				MTL_FAST_MATH = YES;
				SDKROOT = iphoneos;
				SWIFT_COMPILATION_MODE = wholemodule;
				VALIDATE_PRODUCT = YES;
			};
			name = Release;
		};
		805A4CC72BFC5F380047AAB6 /* Debug */ = {
			isa = XCBuildConfiguration;
			buildSettings = {
				ASSETCATALOG_COMPILER_APPICON_NAME = AppIcon;
				ASSETCATALOG_COMPILER_GLOBAL_ACCENT_COLOR_NAME = AccentColor;
				CODE_SIGN_STYLE = Automatic;
				CURRENT_PROJECT_VERSION = 1;
				DEVELOPMENT_ASSET_PATHS = "\"animatedGradientBG/Preview Content\"";
				DEVELOPMENT_TEAM = 34587JNE8E;
				ENABLE_PREVIEWS = YES;
				GENERATE_INFOPLIST_FILE = YES;
				INFOPLIST_KEY_UIApplicationSceneManifest_Generation = YES;
				INFOPLIST_KEY_UIApplicationSupportsIndirectInputEvents = YES;
				INFOPLIST_KEY_UILaunchScreen_Generation = YES;
				INFOPLIST_KEY_UISupportedInterfaceOrientations_iPad = "UIInterfaceOrientationPortrait UIInterfaceOrientationPortraitUpsideDown UIInterfaceOrientationLandscapeLeft UIInterfaceOrientationLandscapeRight";
				INFOPLIST_KEY_UISupportedInterfaceOrientations_iPhone = "UIInterfaceOrientationPortrait UIInterfaceOrientationLandscapeLeft UIInterfaceOrientationLandscapeRight";
				LD_RUNPATH_SEARCH_PATHS = (
					"$(inherited)",
					"@executable_path/Frameworks",
				);
				MARKETING_VERSION = 1.0;
				PRODUCT_BUNDLE_IDENTIFIER = sriramph.animatedGradientBG;
				PRODUCT_NAME = "$(TARGET_NAME)";
				SWIFT_EMIT_LOC_STRINGS = YES;
				SWIFT_VERSION = 5.0;
				TARGETED_DEVICE_FAMILY = "1,2";
			};
			name = Debug;
		};
		805A4CC82BFC5F380047AAB6 /* Release */ = {
			isa = XCBuildConfiguration;
			buildSettings = {
				ASSETCATALOG_COMPILER_APPICON_NAME = AppIcon;
				ASSETCATALOG_COMPILER_GLOBAL_ACCENT_COLOR_NAME = AccentColor;
				CODE_SIGN_STYLE = Automatic;
				CURRENT_PROJECT_VERSION = 1;
				DEVELOPMENT_ASSET_PATHS = "\"animatedGradientBG/Preview Content\"";
				DEVELOPMENT_TEAM = 34587JNE8E;
				ENABLE_PREVIEWS = YES;
				GENERATE_INFOPLIST_FILE = YES;
				INFOPLIST_KEY_UIApplicationSceneManifest_Generation = YES;
				INFOPLIST_KEY_UIApplicationSupportsIndirectInputEvents = YES;
				INFOPLIST_KEY_UILaunchScreen_Generation = YES;
				INFOPLIST_KEY_UISupportedInterfaceOrientations_iPad = "UIInterfaceOrientationPortrait UIInterfaceOrientationPortraitUpsideDown UIInterfaceOrientationLandscapeLeft UIInterfaceOrientationLandscapeRight";
				INFOPLIST_KEY_UISupportedInterfaceOrientations_iPhone = "UIInterfaceOrientationPortrait UIInterfaceOrientationLandscapeLeft UIInterfaceOrientationLandscapeRight";
				LD_RUNPATH_SEARCH_PATHS = (
					"$(inherited)",
					"@executable_path/Frameworks",
				);
				MARKETING_VERSION = 1.0;
				PRODUCT_BUNDLE_IDENTIFIER = sriramph.animatedGradientBG;
				PRODUCT_NAME = "$(TARGET_NAME)";
				SWIFT_EMIT_LOC_STRINGS = YES;
				SWIFT_VERSION = 5.0;
				TARGETED_DEVICE_FAMILY = "1,2";
			};
			name = Release;
		};
		805A4CCA2BFC5F380047AAB6 /* Debug */ = {
			isa = XCBuildConfiguration;
			buildSettings = {
				ALWAYS_EMBED_SWIFT_STANDARD_LIBRARIES = YES;
				BUNDLE_LOADER = "$(TEST_HOST)";
				CODE_SIGN_STYLE = Automatic;
				CURRENT_PROJECT_VERSION = 1;
				DEVELOPMENT_TEAM = 34587JNE8E;
				GENERATE_INFOPLIST_FILE = YES;
				IPHONEOS_DEPLOYMENT_TARGET = 17.5;
				MARKETING_VERSION = 1.0;
				PRODUCT_BUNDLE_IDENTIFIER = sriramph.animatedGradientBGTests;
				PRODUCT_NAME = "$(TARGET_NAME)";
				SWIFT_EMIT_LOC_STRINGS = NO;
				SWIFT_VERSION = 5.0;
				TARGETED_DEVICE_FAMILY = "1,2";
				TEST_HOST = "$(BUILT_PRODUCTS_DIR)/animatedGradientBG.app/$(BUNDLE_EXECUTABLE_FOLDER_PATH)/animatedGradientBG";
			};
			name = Debug;
		};
		805A4CCB2BFC5F380047AAB6 /* Release */ = {
			isa = XCBuildConfiguration;
			buildSettings = {
				ALWAYS_EMBED_SWIFT_STANDARD_LIBRARIES = YES;
				BUNDLE_LOADER = "$(TEST_HOST)";
				CODE_SIGN_STYLE = Automatic;
				CURRENT_PROJECT_VERSION = 1;
				DEVELOPMENT_TEAM = 34587JNE8E;
				GENERATE_INFOPLIST_FILE = YES;
				IPHONEOS_DEPLOYMENT_TARGET = 17.5;
				MARKETING_VERSION = 1.0;
				PRODUCT_BUNDLE_IDENTIFIER = sriramph.animatedGradientBGTests;
				PRODUCT_NAME = "$(TARGET_NAME)";
				SWIFT_EMIT_LOC_STRINGS = NO;
				SWIFT_VERSION = 5.0;
				TARGETED_DEVICE_FAMILY = "1,2";
				TEST_HOST = "$(BUILT_PRODUCTS_DIR)/animatedGradientBG.app/$(BUNDLE_EXECUTABLE_FOLDER_PATH)/animatedGradientBG";
			};
			name = Release;
		};
		805A4CCD2BFC5F380047AAB6 /* Debug */ = {
			isa = XCBuildConfiguration;
			buildSettings = {
				ALWAYS_EMBED_SWIFT_STANDARD_LIBRARIES = YES;
				CODE_SIGN_STYLE = Automatic;
				CURRENT_PROJECT_VERSION = 1;
				DEVELOPMENT_TEAM = 34587JNE8E;
				GENERATE_INFOPLIST_FILE = YES;
				MARKETING_VERSION = 1.0;
				PRODUCT_BUNDLE_IDENTIFIER = sriramph.animatedGradientBGUITests;
				PRODUCT_NAME = "$(TARGET_NAME)";
				SWIFT_EMIT_LOC_STRINGS = NO;
				SWIFT_VERSION = 5.0;
				TARGETED_DEVICE_FAMILY = "1,2";
				TEST_TARGET_NAME = animatedGradientBG;
			};
			name = Debug;
		};
		805A4CCE2BFC5F380047AAB6 /* Release */ = {
			isa = XCBuildConfiguration;
			buildSettings = {
				ALWAYS_EMBED_SWIFT_STANDARD_LIBRARIES = YES;
				CODE_SIGN_STYLE = Automatic;
				CURRENT_PROJECT_VERSION = 1;
				DEVELOPMENT_TEAM = 34587JNE8E;
				GENERATE_INFOPLIST_FILE = YES;
				MARKETING_VERSION = 1.0;
				PRODUCT_BUNDLE_IDENTIFIER = sriramph.animatedGradientBGUITests;
				PRODUCT_NAME = "$(TARGET_NAME)";
				SWIFT_EMIT_LOC_STRINGS = NO;
				SWIFT_VERSION = 5.0;
				TARGETED_DEVICE_FAMILY = "1,2";
				TEST_TARGET_NAME = animatedGradientBG;
			};
			name = Release;
		};
/* End XCBuildConfiguration section */

/* Begin XCConfigurationList section */
		805A4C9D2BFC5F370047AAB6 /* Build configuration list for PBXProject "animatedGradientBG" */ = {
			isa = XCConfigurationList;
			buildConfigurations = (
				805A4CC42BFC5F380047AAB6 /* Debug */,
				805A4CC52BFC5F380047AAB6 /* Release */,
			);
			defaultConfigurationIsVisible = 0;
			defaultConfigurationName = Release;
		};
		805A4CC62BFC5F380047AAB6 /* Build configuration list for PBXNativeTarget "animatedGradientBG" */ = {
			isa = XCConfigurationList;
			buildConfigurations = (
				805A4CC72BFC5F380047AAB6 /* Debug */,
				805A4CC82BFC5F380047AAB6 /* Release */,
			);
			defaultConfigurationIsVisible = 0;
			defaultConfigurationName = Release;
		};
		805A4CC92BFC5F380047AAB6 /* Build configuration list for PBXNativeTarget "animatedGradientBGTests" */ = {
			isa = XCConfigurationList;
			buildConfigurations = (
				805A4CCA2BFC5F380047AAB6 /* Debug */,
				805A4CCB2BFC5F380047AAB6 /* Release */,
			);
			defaultConfigurationIsVisible = 0;
			defaultConfigurationName = Release;
		};
		805A4CCC2BFC5F380047AAB6 /* Build configuration list for PBXNativeTarget "animatedGradientBGUITests" */ = {
			isa = XCConfigurationList;
			buildConfigurations = (
				805A4CCD2BFC5F380047AAB6 /* Debug */,
				805A4CCE2BFC5F380047AAB6 /* Release */,
			);
			defaultConfigurationIsVisible = 0;
			defaultConfigurationName = Release;
		};
/* End XCConfigurationList section */
	};
	rootObject = 805A4C9A2BFC5F370047AAB6 /* Project object */;
}
